
Microsoft Visual Studio Solution File, Format Version 12.00
# Visual Studio Version 16
VisualStudioVersion = 16.0.30204.135
MinimumVisualStudioVersion = 10.0.40219.1
Project("{F184B08F-C81C-45F6-A57F-5ABD9991F28F}") = "Stage 2 - Minesweeper", "Stage 2 - Minesweeper.vbproj", "{8DCB5550-96BD-4611-B513-D3861403F5E9}"
EndProject
Global
	GlobalSection(SolutionConfigurationPlatforms) = preSolution
		Debug|Any CPU = Debug|Any CPU
		Release|Any CPU = Release|Any CPU
	EndGlobalSection
	GlobalSection(ProjectConfigurationPlatforms) = postSolution
		{8DCB5550-96BD-4611-B513-D3861403F5E9}.Debug|Any CPU.ActiveCfg = Debug|Any CPU
		{8DCB5550-96BD-4611-B513-D3861403F5E9}.Debug|Any CPU.Build.0 = Debug|Any CPU
		{8DCB5550-96BD-4611-B513-D3861403F5E9}.Release|Any CPU.ActiveCfg = Release|Any CPU
		{8DCB5550-96BD-4611-B513-D3861403F5E9}.Release|Any CPU.Build.0 = Release|Any CPU
	EndGlobalSection
	GlobalSection(SolutionProperties) = preSolution
		HideSolutionNode = FALSE
	EndGlobalSection
	GlobalSection(ExtensibilityGlobals) = postSolution
		SolutionGuid = {B7F46AF3-3E21-4C46-8195-01EE227609C7}
	EndGlobalSection
EndGlobal
